
Microsoft Visual Studio Solution File, Format Version 12.00
# Visual Studio Version 16
VisualStudioVersion = 16.0.30011.22
MinimumVisualStudioVersion = 10.0.40219.1
Project("{FAE04EC0-301F-11D3-BF4B-00C04F79EFBC}") = "File Reader", "File Reader\File Reader.csproj", "{661FA725-0AE5-4C82-A899-C53A67BB605D}"
EndProject
Global
	GlobalSection(SolutionConfigurationPlatforms) = preSolution
		Debug|Any CPU = Debug|Any CPU
		Release|Any CPU = Release|Any CPU
	EndGlobalSection
	GlobalSection(ProjectConfigurationPlatforms) = postSolution
		{661FA725-0AE5-4C82-A899-C53A67BB605D}.Debug|Any CPU.ActiveCfg = Debug|Any CPU
		{661FA725-0AE5-4C82-A899-C53A67BB605D}.Debug|Any CPU.Build.0 = Debug|Any CPU
		{661FA725-0AE5-4C82-A899-C53A67BB605D}.Release|Any CPU.ActiveCfg = Release|Any CPU
		{661FA725-0AE5-4C82-A899-C53A67BB605D}.Release|Any CPU.Build.0 = Release|Any CPU
	EndGlobalSection
	GlobalSection(SolutionProperties) = preSolution
		HideSolutionNode = FALSE
	EndGlobalSection
	GlobalSection(ExtensibilityGlobals) = postSolution
		SolutionGuid = {E833572D-9583-4609-AAE6-8B02321752E2}
	EndGlobalSection
EndGlobal
